
Microsoft Visual Studio Solution File, Format Version 12.00
# Visual Studio Version 17
VisualStudioVersion = 17.9.34728.123
MinimumVisualStudioVersion = 10.0.40219.1
Project("{9A19103F-16F7-4668-BE54-9A1E7A4F7556}") = "ExercicioParImparCondicional", "PrimeiroExercicioCondicionais\ExercicioParImparCondicional.csproj", "{EC1E7709-9175-48E0-8E34-755666CAD1E5}"
EndProject
Global
	GlobalSection(SolutionConfigurationPlatforms) = preSolution
		Debug|Any CPU = Debug|Any CPU
		Release|Any CPU = Release|Any CPU
	EndGlobalSection
	GlobalSection(ProjectConfigurationPlatforms) = postSolution
		{EC1E7709-9175-48E0-8E34-755666CAD1E5}.Debug|Any CPU.ActiveCfg = Debug|Any CPU
		{EC1E7709-9175-48E0-8E34-755666CAD1E5}.Debug|Any CPU.Build.0 = Debug|Any CPU
		{EC1E7709-9175-48E0-8E34-755666CAD1E5}.Release|Any CPU.ActiveCfg = Release|Any CPU
		{EC1E7709-9175-48E0-8E34-755666CAD1E5}.Release|Any CPU.Build.0 = Release|Any CPU
	EndGlobalSection
	GlobalSection(SolutionProperties) = preSolution
		HideSolutionNode = FALSE
	EndGlobalSection
	GlobalSection(ExtensibilityGlobals) = postSolution
		SolutionGuid = {B8F3DD30-907A-40F6-925B-5C4D0DC7D1BF}
	EndGlobalSection
EndGlobal
